
Microsoft Visual Studio Solution File, Format Version 12.00
# Visual Studio Version 17
VisualStudioVersion = 17.4.33213.308
MinimumVisualStudioVersion = 10.0.40219.1
Project("{8BC9CEB8-8B4A-11D0-8D11-00A0C91BC942}") = "01_intro", "01_intro\01_intro.vcxproj", "{BB5BCB0F-DA16-4584-BB41-393E33DA85F4}"
EndProject
Project("{8BC9CEB8-8B4A-11D0-8D11-00A0C91BC942}") = "02_if_else", "02_if_else\02_if_else.vcxproj", "{2978FFAD-B200-4F3F-8724-C74C23D79CDF}"
EndProject
Project("{8BC9CEB8-8B4A-11D0-8D11-00A0C91BC942}") = "03_cycles", "03_cycles\03_cycles.vcxproj", "{A4E20D4A-CFEB-470A-B27E-4882A6E8F466}"
EndProject
Project("{8BC9CEB8-8B4A-11D0-8D11-00A0C91BC942}") = "_task", "_task\_task.vcxproj", "{31ACB26D-B106-4C9C-82F0-94B10ED9E28E}"
EndProject
Project("{8BC9CEB8-8B4A-11D0-8D11-00A0C91BC942}") = "05_helper_home_task3", "05_helper_home_task3\05_helper_home_task3.vcxproj", "{4A7AE22C-434C-4995-9070-6498FF186766}"
EndProject
Project("{8BC9CEB8-8B4A-11D0-8D11-00A0C91BC942}") = "06_function", "06_function\06_function.vcxproj", "{03099E88-99E9-475C-9A93-9F46373F4696}"
EndProject
Project("{8BC9CEB8-8B4A-11D0-8D11-00A0C91BC942}") = "06_function_array", "06_function_array\06_function_array.vcxproj", "{13A95E20-167A-42C9-B8F7-ED1B4ADB01DB}"
EndProject
Project("{8BC9CEB8-8B4A-11D0-8D11-00A0C91BC942}") = "06_helper_home", "06_helper_home\06_helper_home.vcxproj", "{16FEE3AA-269A-49C3-BBE1-580B87CD00A7}"
EndProject
Project("{8BC9CEB8-8B4A-11D0-8D11-00A0C91BC942}") = "07_recursive_function", "07_recursive_function\07_recursive_function.vcxproj", "{4F318D4C-95EF-44A9-9175-9946EA73FC4F}"
EndProject
Project("{8BC9CEB8-8B4A-11D0-8D11-00A0C91BC942}") = "07_template_function", "07_template_function\07_template_function.vcxproj", "{41CD3D84-F98D-474F-9C84-C559E6C10BF9}"
EndProject
Project("{8BC9CEB8-8B4A-11D0-8D11-00A0C91BC942}") = "08_quickSort", "08_quickSort\08_quickSort.vcxproj", "{4F03495C-C518-4014-90C8-D20172ECEA80}"
EndProject
Project("{8BC9CEB8-8B4A-11D0-8D11-00A0C91BC942}") = "07_helper_array", "07_helper_array\07_helper_array.vcxproj", "{4414D054-F3A2-463A-91EF-14AC4E9198A8}"
EndProject
Project("{8BC9CEB8-8B4A-11D0-8D11-00A0C91BC942}") = "07_helper_2DArray", "07_helper_2DArray\07_helper_2DArray.vcxproj", "{6081C551-B1D9-4B81-863F-D1C0D0BFED7E}"
EndProject
Project("{8BC9CEB8-8B4A-11D0-8D11-00A0C91BC942}") = "09_pointer", "09_pointer\09_pointer.vcxproj", "{FB981A9C-0C71-46A2-BBA3-530C888CB703}"
EndProject
Global
	GlobalSection(SolutionConfigurationPlatforms) = preSolution
		Debug|x64 = Debug|x64
		Debug|x86 = Debug|x86
		Release|x64 = Release|x64
		Release|x86 = Release|x86
	EndGlobalSection
	GlobalSection(ProjectConfigurationPlatforms) = postSolution
		{BB5BCB0F-DA16-4584-BB41-393E33DA85F4}.Debug|x64.ActiveCfg = Debug|x64
		{BB5BCB0F-DA16-4584-BB41-393E33DA85F4}.Debug|x64.Build.0 = Debug|x64
		{BB5BCB0F-DA16-4584-BB41-393E33DA85F4}.Debug|x86.ActiveCfg = Debug|Win32
		{BB5BCB0F-DA16-4584-BB41-393E33DA85F4}.Debug|x86.Build.0 = Debug|Win32
		{BB5BCB0F-DA16-4584-BB41-393E33DA85F4}.Release|x64.ActiveCfg = Release|x64
		{BB5BCB0F-DA16-4584-BB41-393E33DA85F4}.Release|x64.Build.0 = Release|x64
		{BB5BCB0F-DA16-4584-BB41-393E33DA85F4}.Release|x86.ActiveCfg = Release|Win32
		{BB5BCB0F-DA16-4584-BB41-393E33DA85F4}.Release|x86.Build.0 = Release|Win32
		{2978FFAD-B200-4F3F-8724-C74C23D79CDF}.Debug|x64.ActiveCfg = Debug|x64
		{2978FFAD-B200-4F3F-8724-C74C23D79CDF}.Debug|x64.Build.0 = Debug|x64
		{2978FFAD-B200-4F3F-8724-C74C23D79CDF}.Debug|x86.ActiveCfg = Debug|Win32
		{2978FFAD-B200-4F3F-8724-C74C23D79CDF}.Debug|x86.Build.0 = Debug|Win32
		{2978FFAD-B200-4F3F-8724-C74C23D79CDF}.Release|x64.ActiveCfg = Release|x64
		{2978FFAD-B200-4F3F-8724-C74C23D79CDF}.Release|x64.Build.0 = Release|x64
		{2978FFAD-B200-4F3F-8724-C74C23D79CDF}.Release|x86.ActiveCfg = Release|Win32
		{2978FFAD-B200-4F3F-8724-C74C23D79CDF}.Release|x86.Build.0 = Release|Win32
		{A4E20D4A-CFEB-470A-B27E-4882A6E8F466}.Debug|x64.ActiveCfg = Debug|x64
		{A4E20D4A-CFEB-470A-B27E-4882A6E8F466}.Debug|x64.Build.0 = Debug|x64
		{A4E20D4A-CFEB-470A-B27E-4882A6E8F466}.Debug|x86.ActiveCfg = Debug|Win32
		{A4E20D4A-CFEB-470A-B27E-4882A6E8F466}.Debug|x86.Build.0 = Debug|Win32
		{A4E20D4A-CFEB-470A-B27E-4882A6E8F466}.Release|x64.ActiveCfg = Release|x64
		{A4E20D4A-CFEB-470A-B27E-4882A6E8F466}.Release|x64.Build.0 = Release|x64
		{A4E20D4A-CFEB-470A-B27E-4882A6E8F466}.Release|x86.ActiveCfg = Release|Win32
		{A4E20D4A-CFEB-470A-B27E-4882A6E8F466}.Release|x86.Build.0 = Release|Win32
		{31ACB26D-B106-4C9C-82F0-94B10ED9E28E}.Debug|x64.ActiveCfg = Debug|x64
		{31ACB26D-B106-4C9C-82F0-94B10ED9E28E}.Debug|x64.Build.0 = Debug|x64
		{31ACB26D-B106-4C9C-82F0-94B10ED9E28E}.Debug|x86.ActiveCfg = Debug|Win32
		{31ACB26D-B106-4C9C-82F0-94B10ED9E28E}.Debug|x86.Build.0 = Debug|Win32
		{31ACB26D-B106-4C9C-82F0-94B10ED9E28E}.Release|x64.ActiveCfg = Release|x64
		{31ACB26D-B106-4C9C-82F0-94B10ED9E28E}.Release|x64.Build.0 = Release|x64
		{31ACB26D-B106-4C9C-82F0-94B10ED9E28E}.Release|x86.ActiveCfg = Release|Win32
		{31ACB26D-B106-4C9C-82F0-94B10ED9E28E}.Release|x86.Build.0 = Release|Win32
		{4A7AE22C-434C-4995-9070-6498FF186766}.Debug|x64.ActiveCfg = Debug|x64
		{4A7AE22C-434C-4995-9070-6498FF186766}.Debug|x64.Build.0 = Debug|x64
		{4A7AE22C-434C-4995-9070-6498FF186766}.Debug|x86.ActiveCfg = Debug|Win32
		{4A7AE22C-434C-4995-9070-6498FF186766}.Debug|x86.Build.0 = Debug|Win32
		{4A7AE22C-434C-4995-9070-6498FF186766}.Release|x64.ActiveCfg = Release|x64
		{4A7AE22C-434C-4995-9070-6498FF186766}.Release|x64.Build.0 = Release|x64
		{4A7AE22C-434C-4995-9070-6498FF186766}.Release|x86.ActiveCfg = Release|Win32
		{4A7AE22C-434C-4995-9070-6498FF186766}.Release|x86.Build.0 = Release|Win32
		{03099E88-99E9-475C-9A93-9F46373F4696}.Debug|x64.ActiveCfg = Debug|x64
		{03099E88-99E9-475C-9A93-9F46373F4696}.Debug|x64.Build.0 = Debug|x64
		{03099E88-99E9-475C-9A93-9F46373F4696}.Debug|x86.ActiveCfg = Debug|Win32
		{03099E88-99E9-475C-9A93-9F46373F4696}.Debug|x86.Build.0 = Debug|Win32
		{03099E88-99E9-475C-9A93-9F46373F4696}.Release|x64.ActiveCfg = Release|x64
		{03099E88-99E9-475C-9A93-9F46373F4696}.Release|x64.Build.0 = Release|x64
		{03099E88-99E9-475C-9A93-9F46373F4696}.Release|x86.ActiveCfg = Release|Win32
		{03099E88-99E9-475C-9A93-9F46373F4696}.Release|x86.Build.0 = Release|Win32
		{13A95E20-167A-42C9-B8F7-ED1B4ADB01DB}.Debug|x64.ActiveCfg = Debug|x64
		{13A95E20-167A-42C9-B8F7-ED1B4ADB01DB}.Debug|x64.Build.0 = Debug|x64
		{13A95E20-167A-42C9-B8F7-ED1B4ADB01DB}.Debug|x86.ActiveCfg = Debug|Win32
		{13A95E20-167A-42C9-B8F7-ED1B4ADB01DB}.Debug|x86.Build.0 = Debug|Win32
		{13A95E20-167A-42C9-B8F7-ED1B4ADB01DB}.Release|x64.ActiveCfg = Release|x64
		{13A95E20-167A-42C9-B8F7-ED1B4ADB01DB}.Release|x64.Build.0 = Release|x64
		{13A95E20-167A-42C9-B8F7-ED1B4ADB01DB}.Release|x86.ActiveCfg = Release|Win32
		{13A95E20-167A-42C9-B8F7-ED1B4ADB01DB}.Release|x86.Build.0 = Release|Win32
		{16FEE3AA-269A-49C3-BBE1-580B87CD00A7}.Debug|x64.ActiveCfg = Debug|x64
		{16FEE3AA-269A-49C3-BBE1-580B87CD00A7}.Debug|x64.Build.0 = Debug|x64
		{16FEE3AA-269A-49C3-BBE1-580B87CD00A7}.Debug|x86.ActiveCfg = Debug|Win32
		{16FEE3AA-269A-49C3-BBE1-580B87CD00A7}.Debug|x86.Build.0 = Debug|Win32
		{16FEE3AA-269A-49C3-BBE1-580B87CD00A7}.Release|x64.ActiveCfg = Release|x64
		{16FEE3AA-269A-49C3-BBE1-580B87CD00A7}.Release|x64.Build.0 = Release|x64
		{16FEE3AA-269A-49C3-BBE1-580B87CD00A7}.Release|x86.ActiveCfg = Release|Win32
		{16FEE3AA-269A-49C3-BBE1-580B87CD00A7}.Release|x86.Build.0 = Release|Win32
		{4F318D4C-95EF-44A9-9175-9946EA73FC4F}.Debug|x64.ActiveCfg = Debug|x64
		{4F318D4C-95EF-44A9-9175-9946EA73FC4F}.Debug|x64.Build.0 = Debug|x64
		{4F318D4C-95EF-44A9-9175-9946EA73FC4F}.Debug|x86.ActiveCfg = Debug|Win32
		{4F318D4C-95EF-44A9-9175-9946EA73FC4F}.Debug|x86.Build.0 = Debug|Win32
		{4F318D4C-95EF-44A9-9175-9946EA73FC4F}.Release|x64.ActiveCfg = Release|x64
		{4F318D4C-95EF-44A9-9175-9946EA73FC4F}.Release|x64.Build.0 = Release|x64
		{4F318D4C-95EF-44A9-9175-9946EA73FC4F}.Release|x86.ActiveCfg = Release|Win32
		{4F318D4C-95EF-44A9-9175-9946EA73FC4F}.Release|x86.Build.0 = Release|Win32
		{41CD3D84-F98D-474F-9C84-C559E6C10BF9}.Debug|x64.ActiveCfg = Debug|x64
		{41CD3D84-F98D-474F-9C84-C559E6C10BF9}.Debug|x64.Build.0 = Debug|x64
		{41CD3D84-F98D-474F-9C84-C559E6C10BF9}.Debug|x86.ActiveCfg = Debug|Win32
		{41CD3D84-F98D-474F-9C84-C559E6C10BF9}.Debug|x86.Build.0 = Debug|Win32
		{41CD3D84-F98D-474F-9C84-C559E6C10BF9}.Release|x64.ActiveCfg = Release|x64
		{41CD3D84-F98D-474F-9C84-C559E6C10BF9}.Release|x64.Build.0 = Release|x64
		{41CD3D84-F98D-474F-9C84-C559E6C10BF9}.Release|x86.ActiveCfg = Release|Win32
		{41CD3D84-F98D-474F-9C84-C559E6C10BF9}.Release|x86.Build.0 = Release|Win32
		{4F03495C-C518-4014-90C8-D20172ECEA80}.Debug|x64.ActiveCfg = Debug|x64
		{4F03495C-C518-4014-90C8-D20172ECEA80}.Debug|x64.Build.0 = Debug|x64
		{4F03495C-C518-4014-90C8-D20172ECEA80}.Debug|x86.ActiveCfg = Debug|Win32
		{4F03495C-C518-4014-90C8-D20172ECEA80}.Debug|x86.Build.0 = Debug|Win32
		{4F03495C-C518-4014-90C8-D20172ECEA80}.Release|x64.ActiveCfg = Release|x64
		{4F03495C-C518-4014-90C8-D20172ECEA80}.Release|x64.Build.0 = Release|x64
		{4F03495C-C518-4014-90C8-D20172ECEA80}.Release|x86.ActiveCfg = Release|Win32
		{4F03495C-C518-4014-90C8-D20172ECEA80}.Release|x86.Build.0 = Release|Win32
		{4414D054-F3A2-463A-91EF-14AC4E9198A8}.Debug|x64.ActiveCfg = Debug|x64
		{4414D054-F3A2-463A-91EF-14AC4E9198A8}.Debug|x64.Build.0 = Debug|x64
		{4414D054-F3A2-463A-91EF-14AC4E9198A8}.Debug|x86.ActiveCfg = Debug|Win32
		{4414D054-F3A2-463A-91EF-14AC4E9198A8}.Debug|x86.Build.0 = Debug|Win32
		{4414D054-F3A2-463A-91EF-14AC4E9198A8}.Release|x64.ActiveCfg = Release|x64
		{4414D054-F3A2-463A-91EF-14AC4E9198A8}.Release|x64.Build.0 = Release|x64
		{4414D054-F3A2-463A-91EF-14AC4E9198A8}.Release|x86.ActiveCfg = Release|Win32
		{4414D054-F3A2-463A-91EF-14AC4E9198A8}.Release|x86.Build.0 = Release|Win32
		{6081C551-B1D9-4B81-863F-D1C0D0BFED7E}.Debug|x64.ActiveCfg = Debug|x64
		{6081C551-B1D9-4B81-863F-D1C0D0BFED7E}.Debug|x64.Build.0 = Debug|x64
		{6081C551-B1D9-4B81-863F-D1C0D0BFED7E}.Debug|x86.ActiveCfg = Debug|Win32
		{6081C551-B1D9-4B81-863F-D1C0D0BFED7E}.Debug|x86.Build.0 = Debug|Win32
		{6081C551-B1D9-4B81-863F-D1C0D0BFED7E}.Release|x64.ActiveCfg = Release|x64
		{6081C551-B1D9-4B81-863F-D1C0D0BFED7E}.Release|x64.Build.0 = Release|x64
		{6081C551-B1D9-4B81-863F-D1C0D0BFED7E}.Release|x86.ActiveCfg = Release|Win32
		{6081C551-B1D9-4B81-863F-D1C0D0BFED7E}.Release|x86.Build.0 = Release|Win32
		{FB981A9C-0C71-46A2-BBA3-530C888CB703}.Debug|x64.ActiveCfg = Debug|x64
		{FB981A9C-0C71-46A2-BBA3-530C888CB703}.Debug|x64.Build.0 = Debug|x64
		{FB981A9C-0C71-46A2-BBA3-530C888CB703}.Debug|x86.ActiveCfg = Debug|Win32
		{FB981A9C-0C71-46A2-BBA3-530C888CB703}.Debug|x86.Build.0 = Debug|Win32
		{FB981A9C-0C71-46A2-BBA3-530C888CB703}.Release|x64.ActiveCfg = Release|x64
		{FB981A9C-0C71-46A2-BBA3-530C888CB703}.Release|x64.Build.0 = Release|x64
		{FB981A9C-0C71-46A2-BBA3-530C888CB703}.Release|x86.ActiveCfg = Release|Win32
		{FB981A9C-0C71-46A2-BBA3-530C888CB703}.Release|x86.Build.0 = Release|Win32
	EndGlobalSection
	GlobalSection(SolutionProperties) = preSolution
		HideSolutionNode = FALSE
	EndGlobalSection
	GlobalSection(ExtensibilityGlobals) = postSolution
		SolutionGuid = {BC2F25F0-842B-4AD9-BBCE-AE837C9326F9}
	EndGlobalSection
EndGlobal
